
Microsoft Visual Studio Solution File, Format Version 12.00
# Visual Studio 15
VisualStudioVersion = 15.0.28307.1062
MinimumVisualStudioVersion = 10.0.40219.1
Project("{FAE04EC0-301F-11D3-BF4B-00C04F79EFBC}") = "Corona3", "Corona3\Corona3.csproj", "{65565E31-F7B1-4CFD-AB98-D24B32B5DAE8}"
EndProject
Global
	GlobalSection(SolutionConfigurationPlatforms) = preSolution
		Debug|Any CPU = Debug|Any CPU
		Release|Any CPU = Release|Any CPU
	EndGlobalSection
	GlobalSection(ProjectConfigurationPlatforms) = postSolution
		{65565E31-F7B1-4CFD-AB98-D24B32B5DAE8}.Debug|Any CPU.ActiveCfg = Debug|Any CPU
		{65565E31-F7B1-4CFD-AB98-D24B32B5DAE8}.Debug|Any CPU.Build.0 = Debug|Any CPU
		{65565E31-F7B1-4CFD-AB98-D24B32B5DAE8}.Release|Any CPU.ActiveCfg = Release|Any CPU
		{65565E31-F7B1-4CFD-AB98-D24B32B5DAE8}.Release|Any CPU.Build.0 = Release|Any CPU
	EndGlobalSection
	GlobalSection(SolutionProperties) = preSolution
		HideSolutionNode = FALSE
	EndGlobalSection
	GlobalSection(ExtensibilityGlobals) = postSolution
		SolutionGuid = {F9D92521-84C1-48CD-90F4-18F52B24B356}
	EndGlobalSection
EndGlobal
